
Microsoft Visual Studio Solution File, Format Version 12.00
# Visual Studio Version 17
VisualStudioVersion = 17.9.34622.214
MinimumVisualStudioVersion = 10.0.40219.1
Project("{8BC9CEB8-8B4A-11D0-8D11-00A0C91BC942}") = "DSM CODING", "DSM CODING\DSM CODING.vcxproj", "{702008CC-2EC0-4391-8B0C-11F521858E10}"
EndProject
Project("{8BC9CEB8-8B4A-11D0-8D11-00A0C91BC942}") = "STUDY", "STUDY\STUDY.vcxproj", "{671E0237-F76E-4EB3-9EBE-5EC4AFBC98F3}"
EndProject
Global
	GlobalSection(SolutionConfigurationPlatforms) = preSolution
		Debug|x64 = Debug|x64
		Debug|x86 = Debug|x86
		Release|x64 = Release|x64
		Release|x86 = Release|x86
	EndGlobalSection
	GlobalSection(ProjectConfigurationPlatforms) = postSolution
		{702008CC-2EC0-4391-8B0C-11F521858E10}.Debug|x64.ActiveCfg = Debug|x64
		{702008CC-2EC0-4391-8B0C-11F521858E10}.Debug|x64.Build.0 = Debug|x64
		{702008CC-2EC0-4391-8B0C-11F521858E10}.Debug|x86.ActiveCfg = Debug|Win32
		{702008CC-2EC0-4391-8B0C-11F521858E10}.Debug|x86.Build.0 = Debug|Win32
		{702008CC-2EC0-4391-8B0C-11F521858E10}.Release|x64.ActiveCfg = Release|x64
		{702008CC-2EC0-4391-8B0C-11F521858E10}.Release|x64.Build.0 = Release|x64
		{702008CC-2EC0-4391-8B0C-11F521858E10}.Release|x86.ActiveCfg = Release|Win32
		{702008CC-2EC0-4391-8B0C-11F521858E10}.Release|x86.Build.0 = Release|Win32
		{671E0237-F76E-4EB3-9EBE-5EC4AFBC98F3}.Debug|x64.ActiveCfg = Debug|x64
		{671E0237-F76E-4EB3-9EBE-5EC4AFBC98F3}.Debug|x64.Build.0 = Debug|x64
		{671E0237-F76E-4EB3-9EBE-5EC4AFBC98F3}.Debug|x86.ActiveCfg = Debug|Win32
		{671E0237-F76E-4EB3-9EBE-5EC4AFBC98F3}.Debug|x86.Build.0 = Debug|Win32
		{671E0237-F76E-4EB3-9EBE-5EC4AFBC98F3}.Release|x64.ActiveCfg = Release|x64
		{671E0237-F76E-4EB3-9EBE-5EC4AFBC98F3}.Release|x64.Build.0 = Release|x64
		{671E0237-F76E-4EB3-9EBE-5EC4AFBC98F3}.Release|x86.ActiveCfg = Release|Win32
		{671E0237-F76E-4EB3-9EBE-5EC4AFBC98F3}.Release|x86.Build.0 = Release|Win32
	EndGlobalSection
	GlobalSection(SolutionProperties) = preSolution
		HideSolutionNode = FALSE
	EndGlobalSection
	GlobalSection(ExtensibilityGlobals) = postSolution
		SolutionGuid = {B0991414-A2E1-4F05-B603-23DCF84E6F91}
	EndGlobalSection
EndGlobal
